// !$*UTF8*$!
{
	archiveVersion = 1;
	classes = {
	};
	objectVersion = 50;
	objects = {

/* Begin PBXBuildFile section */
		A6315C81219B3E7500D39523 /* AppDelegate.swift in Sources */ = {isa = PBXBuildFile; fileRef = A6315C80219B3E7500D39523 /* AppDelegate.swift */; };
		A6315C83219B3E7500D39523 /* ViewController.swift in Sources */ = {isa = PBXBuildFile; fileRef = A6315C82219B3E7500D39523 /* ViewController.swift */; };
		A6315C86219B3E7500D39523 /* Main.storyboard in Resources */ = {isa = PBXBuildFile; fileRef = A6315C84219B3E7500D39523 /* Main.storyboard */; };
		A6315C88219B3E7600D39523 /* Assets.xcassets in Resources */ = {isa = PBXBuildFile; fileRef = A6315C87219B3E7600D39523 /* Assets.xcassets */; };
		A6315C8B219B3E7600D39523 /* LaunchScreen.storyboard in Resources */ = {isa = PBXBuildFile; fileRef = A6315C89219B3E7600D39523 /* LaunchScreen.storyboard */; };
		A6315C99219B6E6700D39523 /* TicTacToe.swift in Sources */ = {isa = PBXBuildFile; fileRef = A6315C98219B6E6700D39523 /* TicTacToe.swift */; };
		A6315C9B219B6ED600D39523 /* TicTacToeController.swift in Sources */ = {isa = PBXBuildFile; fileRef = A6315C9A219B6ED600D39523 /* TicTacToeController.swift */; };
/* End PBXBuildFile section */

/* Begin PBXFileReference section */
		A6315C7D219B3E7400D39523 /* Week6Game.app */ = {isa = PBXFileReference; explicitFileType = wrapper.application; includeInIndex = 0; path = Week6Game.app; sourceTree = BUILT_PRODUCTS_DIR; };
		A6315C80219B3E7500D39523 /* AppDelegate.swift */ = {isa = PBXFileReference; lastKnownFileType = sourcecode.swift; path = AppDelegate.swift; sourceTree = "<group>"; };
		A6315C82219B3E7500D39523 /* ViewController.swift */ = {isa = PBXFileReference; lastKnownFileType = sourcecode.swift; path = ViewController.swift; sourceTree = "<group>"; };
		A6315C85219B3E7500D39523 /* Base */ = {isa = PBXFileReference; lastKnownFileType = file.storyboard; name = Base; path = Base.lproj/Main.storyboard; sourceTree = "<group>"; };
		A6315C87219B3E7600D39523 /* Assets.xcassets */ = {isa = PBXFileReference; lastKnownFileType = folder.assetcatalog; path = Assets.xcassets; sourceTree = "<group>"; };
		A6315C8A219B3E7600D39523 /* Base */ = {isa = PBXFileReference; lastKnownFileType = file.storyboard; name = Base; path = Base.lproj/LaunchScreen.storyboard; sourceTree = "<group>"; };
		A6315C8C219B3E7600D39523 /* Info.plist */ = {isa = PBXFileReference; lastKnownFileType = text.plist.xml; path = Info.plist; sourceTree = "<group>"; };
		A6315C98219B6E6700D39523 /* TicTacToe.swift */ = {isa = PBXFileReference; lastKnownFileType = sourcecode.swift; path = TicTacToe.swift; sourceTree = "<group>"; };
		A6315C9A219B6ED600D39523 /* TicTacToeController.swift */ = {isa = PBXFileReference; lastKnownFileType = sourcecode.swift; path = TicTacToeController.swift; sourceTree = "<group>"; };
/* End PBXFileReference section */

/* Begin PBXFrameworksBuildPhase section */
		A6315C7A219B3E7400D39523 /* Frameworks */ = {
			isa = PBXFrameworksBuildPhase;
			buildActionMask = 2147483647;
			files = (
			);
			runOnlyForDeploymentPostprocessing = 0;
		};
/* End PBXFrameworksBuildPhase section */

/* Begin PBXGroup section */
		A6315C74219B3E7400D39523 = {
			isa = PBXGroup;
			children = (
				A6315C7F219B3E7400D39523 /* Week6Game */,
				A6315C7E219B3E7400D39523 /* Products */,
			);
			sourceTree = "<group>";
		};
		A6315C7E219B3E7400D39523 /* Products */ = {
			isa = PBXGroup;
			children = (
				A6315C7D219B3E7400D39523 /* Week6Game.app */,
			);
			name = Products;
			sourceTree = "<group>";
		};
		A6315C7F219B3E7400D39523 /* Week6Game */ = {
			isa = PBXGroup;
			children = (
				A6315C97219B5CFA00D39523 /* Resources */,
				A6315C96219B5CF400D39523 /* Views */,
				A6315C95219B5CED00D39523 /* ViewControllers */,
				A6315C94219B5CE400D39523 /* ModelControllers */,
				A6315C93219B5CE000D39523 /* Models */,
				A6315C92219B5CD900D39523 /* Storyboards */,
				A6315C80219B3E7500D39523 /* AppDelegate.swift */,
				A6315C82219B3E7500D39523 /* ViewController.swift */,
				A6315C84219B3E7500D39523 /* Main.storyboard */,
				A6315C87219B3E7600D39523 /* Assets.xcassets */,
				A6315C89219B3E7600D39523 /* LaunchScreen.storyboard */,
				A6315C8C219B3E7600D39523 /* Info.plist */,
			);
			path = Week6Game;
			sourceTree = "<group>";
		};
		A6315C92219B5CD900D39523 /* Storyboards */ = {
			isa = PBXGroup;
			children = (
			);
			path = Storyboards;
			sourceTree = "<group>";
		};
		A6315C93219B5CE000D39523 /* Models */ = {
			isa = PBXGroup;
			children = (
				A6315C98219B6E6700D39523 /* TicTacToe.swift */,
			);
			path = Models;
			sourceTree = "<group>";
		};
		A6315C94219B5CE400D39523 /* ModelControllers */ = {
			isa = PBXGroup;
			children = (
				A6315C9A219B6ED600D39523 /* TicTacToeController.swift */,
			);
			path = ModelControllers;
			sourceTree = "<group>";
		};
		A6315C95219B5CED00D39523 /* ViewControllers */ = {
			isa = PBXGroup;
			children = (
			);
			path = ViewControllers;
			sourceTree = "<group>";
		};
		A6315C96219B5CF400D39523 /* Views */ = {
			isa = PBXGroup;
			children = (
			);
			path = Views;
			sourceTree = "<group>";
		};
		A6315C97219B5CFA00D39523 /* Resources */ = {
			isa = PBXGroup;
			children = (
			);
			name = Resources;
			path = S;
			sourceTree = "<group>";
		};
/* End PBXGroup section */

/* Begin PBXNativeTarget section */
		A6315C7C219B3E7400D39523 /* Week6Game */ = {
			isa = PBXNativeTarget;
			buildConfigurationList = A6315C8F219B3E7600D39523 /* Build configuration list for PBXNativeTarget "Week6Game" */;
			buildPhases = (
				A6315C79219B3E7400D39523 /* Sources */,
				A6315C7A219B3E7400D39523 /* Frameworks */,
				A6315C7B219B3E7400D39523 /* Resources */,
			);
			buildRules = (
			);
			dependencies = (
			);
			name = Week6Game;
			productName = Week6Game;
			productReference = A6315C7D219B3E7400D39523 /* Week6Game.app */;
			productType = "com.apple.product-type.application";
		};
/* End PBXNativeTarget section */

/* Begin PBXProject section */
		A6315C75219B3E7400D39523 /* Project object */ = {
			isa = PBXProject;
			attributes = {
				LastSwiftUpdateCheck = 1010;
				LastUpgradeCheck = 1010;
				ORGANIZATIONNAME = "Travis Chapman";
				TargetAttributes = {
					A6315C7C219B3E7400D39523 = {
						CreatedOnToolsVersion = 10.1;
					};
				};
			};
			buildConfigurationList = A6315C78219B3E7400D39523 /* Build configuration list for PBXProject "Week6Game" */;
			compatibilityVersion = "Xcode 9.3";
			developmentRegion = en;
			hasScannedForEncodings = 0;
			knownRegions = (
				en,
				Base,
			);
			mainGroup = A6315C74219B3E7400D39523;
			productRefGroup = A6315C7E219B3E7400D39523 /* Products */;
			projectDirPath = "";
			projectRoot = "";
			targets = (
				A6315C7C219B3E7400D39523 /* Week6Game */,
			);
		};
/* End PBXProject section */

/* Begin PBXResourcesBuildPhase section */
		A6315C7B219B3E7400D39523 /* Resources */ = {
			isa = PBXResourcesBuildPhase;
			buildActionMask = 2147483647;
			files = (
				A6315C8B219B3E7600D39523 /* LaunchScreen.storyboard in Resources */,
				A6315C88219B3E7600D39523 /* Assets.xcassets in Resources */,
				A6315C86219B3E7500D39523 /* Main.storyboard in Resources */,
			);
			runOnlyForDeploymentPostprocessing = 0;
		};
/* End PBXResourcesBuildPhase section */

/* Begin PBXSourcesBuildPhase section */
		A6315C79219B3E7400D39523 /* Sources */ = {
			isa = PBXSourcesBuildPhase;
			buildActionMask = 2147483647;
			files = (
				A6315C9B219B6ED600D39523 /* TicTacToeController.swift in Sources */,
				A6315C83219B3E7500D39523 /* ViewController.swift in Sources */,
				A6315C99219B6E6700D39523 /* TicTacToe.swift in Sources */,
				A6315C81219B3E7500D39523 /* AppDelegate.swift in Sources */,
			);
			runOnlyForDeploymentPostprocessing = 0;
		};
/* End PBXSourcesBuildPhase section */

/* Begin PBXVariantGroup section */
		A6315C84219B3E7500D39523 /* Main.storyboard */ = {
			isa = PBXVariantGroup;
			children = (
				A6315C85219B3E7500D39523 /* Base */,
			);
			name = Main.storyboard;
			sourceTree = "<group>";
		};
		A6315C89219B3E7600D39523 /* LaunchScreen.storyboard */ = {
			isa = PBXVariantGroup;
			children = (
				A6315C8A219B3E7600D39523 /* Base */,
			);
			name = LaunchScreen.storyboard;
			sourceTree = "<group>";
		};
/* End PBXVariantGroup section */

/* Begin XCBuildConfiguration section */
		A6315C8D219B3E7600D39523 /* Debug */ = {
			isa = XCBuildConfiguration;
			buildSettings = {
				ALWAYS_SEARCH_USER_PATHS = NO;
				CLANG_ANALYZER_NONNULL = YES;
				CLANG_ANALYZER_NUMBER_OBJECT_CONVERSION = YES_AGGRESSIVE;
				CLANG_CXX_LANGUAGE_STANDARD = "gnu++14";
				CLANG_CXX_LIBRARY = "libc++";
				CLANG_ENABLE_MODULES = YES;
				CLANG_ENABLE_OBJC_ARC = YES;
				CLANG_ENABLE_OBJC_WEAK = YES;
				CLANG_WARN_BLOCK_CAPTURE_AUTORELEASING = YES;
				CLANG_WARN_BOOL_CONVERSION = YES;
				CLANG_WARN_COMMA = YES;
				CLANG_WARN_CONSTANT_CONVERSION = YES;
				CLANG_WARN_DEPRECATED_OBJC_IMPLEMENTATIONS = YES;
				CLANG_WARN_DIRECT_OBJC_ISA_USAGE = YES_ERROR;
				CLANG_WARN_DOCUMENTATION_COMMENTS = YES;
				CLANG_WARN_EMPTY_BODY = YES;
				CLANG_WARN_ENUM_CONVERSION = YES;
				CLANG_WARN_INFINITE_RECURSION = YES;
				CLANG_WARN_INT_CONVERSION = YES;
				CLANG_WARN_NON_LITERAL_NULL_CONVERSION = YES;
				CLANG_WARN_OBJC_IMPLICIT_RETAIN_SELF = YES;
				CLANG_WARN_OBJC_LITERAL_CONVERSION = YES;
				CLANG_WARN_OBJC_ROOT_CLASS = YES_ERROR;
				CLANG_WARN_RANGE_LOOP_ANALYSIS = YES;
				CLANG_WARN_STRICT_PROTOTYPES = YES;
				CLANG_WARN_SUSPICIOUS_MOVE = YES;
				CLANG_WARN_UNGUARDED_AVAILABILITY = YES_AGGRESSIVE;
				CLANG_WARN_UNREACHABLE_CODE = YES;
				CLANG_WARN__DUPLICATE_METHOD_MATCH = YES;
				CODE_SIGN_IDENTITY = "iPhone Developer";
				COPY_PHASE_STRIP = NO;
				DEBUG_INFORMATION_FORMAT = dwarf;
				ENABLE_STRICT_OBJC_MSGSEND = YES;
				ENABLE_TESTABILITY = YES;
				GCC_C_LANGUAGE_STANDARD = gnu11;
				GCC_DYNAMIC_NO_PIC = NO;
				GCC_NO_COMMON_BLOCKS = YES;
				GCC_OPTIMIZATION_LEVEL = 0;
				GCC_PREPROCESSOR_DEFINITIONS = (
					"DEBUG=1",
					"$(inherited)",
				);
				GCC_WARN_64_TO_32_BIT_CONVERSION = YES;
				GCC_WARN_ABOUT_RETURN_TYPE = YES_ERROR;
				GCC_WARN_UNDECLARED_SELECTOR = YES;
				GCC_WARN_UNINITIALIZED_AUTOS = YES_AGGRESSIVE;
				GCC_WARN_UNUSED_FUNCTION = YES;
				GCC_WARN_UNUSED_VARIABLE = YES;
				IPHONEOS_DEPLOYMENT_TARGET = 12.1;
				MTL_ENABLE_DEBUG_INFO = INCLUDE_SOURCE;
				MTL_FAST_MATH = YES;
				ONLY_ACTIVE_ARCH = YES;
				SDKROOT = iphoneos;
				SWIFT_ACTIVE_COMPILATION_CONDITIONS = DEBUG;
				SWIFT_OPTIMIZATION_LEVEL = "-Onone";
			};
			name = Debug;
		};
		A6315C8E219B3E7600D39523 /* Release */ = {
			isa = XCBuildConfiguration;
			buildSettings = {
				ALWAYS_SEARCH_USER_PATHS = NO;
				CLANG_ANALYZER_NONNULL = YES;
				CLANG_ANALYZER_NUMBER_OBJECT_CONVERSION = YES_AGGRESSIVE;
				CLANG_CXX_LANGUAGE_STANDARD = "gnu++14";
				CLANG_CXX_LIBRARY = "libc++";
				CLANG_ENABLE_MODULES = YES;
				CLANG_ENABLE_OBJC_ARC = YES;
				CLANG_ENABLE_OBJC_WEAK = YES;
				CLANG_WARN_BLOCK_CAPTURE_AUTORELEASING = YES;
				CLANG_WARN_BOOL_CONVERSION = YES;
				CLANG_WARN_COMMA = YES;
				CLANG_WARN_CONSTANT_CONVERSION = YES;
				CLANG_WARN_DEPRECATED_OBJC_IMPLEMENTATIONS = YES;
				CLANG_WARN_DIRECT_OBJC_ISA_USAGE = YES_ERROR;
				CLANG_WARN_DOCUMENTATION_COMMENTS = YES;
				CLANG_WARN_EMPTY_BODY = YES;
				CLANG_WARN_ENUM_CONVERSION = YES;
				CLANG_WARN_INFINITE_RECURSION = YES;
				CLANG_WARN_INT_CONVERSION = YES;
				CLANG_WARN_NON_LITERAL_NULL_CONVERSION = YES;
				CLANG_WARN_OBJC_IMPLICIT_RETAIN_SELF = YES;
				CLANG_WARN_OBJC_LITERAL_CONVERSION = YES;
				CLANG_WARN_OBJC_ROOT_CLASS = YES_ERROR;
				CLANG_WARN_RANGE_LOOP_ANALYSIS = YES;
				CLANG_WARN_STRICT_PROTOTYPES = YES;
				CLANG_WARN_SUSPICIOUS_MOVE = YES;
				CLANG_WARN_UNGUARDED_AVAILABILITY = YES_AGGRESSIVE;
				CLANG_WARN_UNREACHABLE_CODE = YES;
				CLANG_WARN__DUPLICATE_METHOD_MATCH = YES;
				CODE_SIGN_IDENTITY = "iPhone Developer";
				COPY_PHASE_STRIP = NO;
				DEBUG_INFORMATION_FORMAT = "dwarf-with-dsym";
				ENABLE_NS_ASSERTIONS = NO;
				ENABLE_STRICT_OBJC_MSGSEND = YES;
				GCC_C_LANGUAGE_STANDARD = gnu11;
				GCC_NO_COMMON_BLOCKS = YES;
				GCC_WARN_64_TO_32_BIT_CONVERSION = YES;
				GCC_WARN_ABOUT_RETURN_TYPE = YES_ERROR;
				GCC_WARN_UNDECLARED_SELECTOR = YES;
				GCC_WARN_UNINITIALIZED_AUTOS = YES_AGGRESSIVE;
				GCC_WARN_UNUSED_FUNCTION = YES;
				GCC_WARN_UNUSED_VARIABLE = YES;
				IPHONEOS_DEPLOYMENT_TARGET = 12.1;
				MTL_ENABLE_DEBUG_INFO = NO;
				MTL_FAST_MATH = YES;
				SDKROOT = iphoneos;
				SWIFT_COMPILATION_MODE = wholemodule;
				SWIFT_OPTIMIZATION_LEVEL = "-O";
				VALIDATE_PRODUCT = YES;
			};
			name = Release;
		};
		A6315C90219B3E7600D39523 /* Debug */ = {
			isa = XCBuildConfiguration;
			buildSettings = {
				ASSETCATALOG_COMPILER_APPICON_NAME = AppIcon;
				CODE_SIGN_STYLE = Automatic;
				DEVELOPMENT_TEAM = 7V4LGA7P62;
				INFOPLIST_FILE = Week6Game/Info.plist;
				LD_RUNPATH_SEARCH_PATHS = (
					"$(inherited)",
					"@executable_path/Frameworks",
				);
				PRODUCT_BUNDLE_IDENTIFIER = org.travischapman.Week6Game;
				PRODUCT_NAME = "$(TARGET_NAME)";
				SWIFT_VERSION = 4.2;
				TARGETED_DEVICE_FAMILY = "1,2";
			};
			name = Debug;
		};
		A6315C91219B3E7600D39523 /* Release */ = {
			isa = XCBuildConfiguration;
			buildSettings = {
				ASSETCATALOG_COMPILER_APPICON_NAME = AppIcon;
				CODE_SIGN_STYLE = Automatic;
				DEVELOPMENT_TEAM = 7V4LGA7P62;
				INFOPLIST_FILE = Week6Game/Info.plist;
				LD_RUNPATH_SEARCH_PATHS = (
					"$(inherited)",
					"@executable_path/Frameworks",
				);
				PRODUCT_BUNDLE_IDENTIFIER = org.travischapman.Week6Game;
				PRODUCT_NAME = "$(TARGET_NAME)";
				SWIFT_VERSION = 4.2;
				TARGETED_DEVICE_FAMILY = "1,2";
			};
			name = Release;
		};
/* End XCBuildConfiguration section */

/* Begin XCConfigurationList section */
		A6315C78219B3E7400D39523 /* Build configuration list for PBXProject "Week6Game" */ = {
			isa = XCConfigurationList;
			buildConfigurations = (
				A6315C8D219B3E7600D39523 /* Debug */,
				A6315C8E219B3E7600D39523 /* Release */,
			);
			defaultConfigurationIsVisible = 0;
			defaultConfigurationName = Release;
		};
		A6315C8F219B3E7600D39523 /* Build configuration list for PBXNativeTarget "Week6Game" */ = {
			isa = XCConfigurationList;
			buildConfigurations = (
				A6315C90219B3E7600D39523 /* Debug */,
				A6315C91219B3E7600D39523 /* Release */,
			);
			defaultConfigurationIsVisible = 0;
			defaultConfigurationName = Release;
		};
/* End XCConfigurationList section */
	};
	rootObject = A6315C75219B3E7400D39523 /* Project object */;
}
